Microsoft Visual Studio Solution File, Format Version 11.00
# Visual Studio 2008

Project("{C8A607AD-33DE-95A0-8D9A-12806191229A}") = "CreativeCubes", "Assembly-CSharp.csproj", "{44934EBD-9053-1A93-1775-C53EB86C00A3}"
EndProject
Global
	GlobalSection(SolutionConfigurationPlatforms) = preSolution
		Debug|Any CPU = Debug|Any CPU
		Release|Any CPU = Release|Any CPU
	EndGlobalSection
	GlobalSection(ProjectConfigurationPlatforms) = postSolution
		{44934EBD-9053-1A93-1775-C53EB86C00A3}.Debug|Any CPU.ActiveCfg = Debug|Any CPU
		{44934EBD-9053-1A93-1775-C53EB86C00A3}.Debug|Any CPU.Build.0 = Debug|Any CPU
		{44934EBD-9053-1A93-1775-C53EB86C00A3}.Release|Any CPU.ActiveCfg = Release|Any CPU
		{44934EBD-9053-1A93-1775-C53EB86C00A3}.Release|Any CPU.Build.0 = Release|Any CPU
	EndGlobalSection
	GlobalSection(SolutionProperties) = preSolution
		HideSolutionNode = FALSE
	EndGlobalSection
	GlobalSection(MonoDevelopProperties) = preSolution
		StartupItem = Assembly-CSharp.csproj
	EndGlobalSection
EndGlobal
