Microsoft Visual Studio Solution File, Format Version 11.00
# Visual Studio 2008

Project("{808FCF7D-1AF8-0F11-EA73-7A0F5FD8A496}") = "assignment2", "Assembly-CSharp-firstpass.csproj", "{720DA782-30FA-7E6F-3FE4-B67DC10AA195}"
EndProject
Project("{808FCF7D-1AF8-0F11-EA73-7A0F5FD8A496}") = "assignment2", "Assembly-CSharp.csproj", "{ECE6C991-EFEA-08D1-DAD3-0A3D6FA3C8DD}"
EndProject
Project("{808FCF7D-1AF8-0F11-EA73-7A0F5FD8A496}") = "assignment2", "Assembly-CSharp-Editor.csproj", "{1E229693-BC6E-87AF-00AF-40F0993F6840}"
EndProject
Global
	GlobalSection(SolutionConfigurationPlatforms) = preSolution
		Debug|Any CPU = Debug|Any CPU
		Release|Any CPU = Release|Any CPU
	EndGlobalSection
	GlobalSection(ProjectConfigurationPlatforms) = postSolution
		{720DA782-30FA-7E6F-3FE4-B67DC10AA195}.Debug|Any CPU.ActiveCfg = Debug|Any CPU
		{720DA782-30FA-7E6F-3FE4-B67DC10AA195}.Debug|Any CPU.Build.0 = Debug|Any CPU
		{720DA782-30FA-7E6F-3FE4-B67DC10AA195}.Release|Any CPU.ActiveCfg = Release|Any CPU
		{720DA782-30FA-7E6F-3FE4-B67DC10AA195}.Release|Any CPU.Build.0 = Release|Any CPU
		{ECE6C991-EFEA-08D1-DAD3-0A3D6FA3C8DD}.Debug|Any CPU.ActiveCfg = Debug|Any CPU
		{ECE6C991-EFEA-08D1-DAD3-0A3D6FA3C8DD}.Debug|Any CPU.Build.0 = Debug|Any CPU
		{ECE6C991-EFEA-08D1-DAD3-0A3D6FA3C8DD}.Release|Any CPU.ActiveCfg = Release|Any CPU
		{ECE6C991-EFEA-08D1-DAD3-0A3D6FA3C8DD}.Release|Any CPU.Build.0 = Release|Any CPU
		{1E229693-BC6E-87AF-00AF-40F0993F6840}.Debug|Any CPU.ActiveCfg = Debug|Any CPU
		{1E229693-BC6E-87AF-00AF-40F0993F6840}.Debug|Any CPU.Build.0 = Debug|Any CPU
		{1E229693-BC6E-87AF-00AF-40F0993F6840}.Release|Any CPU.ActiveCfg = Release|Any CPU
		{1E229693-BC6E-87AF-00AF-40F0993F6840}.Release|Any CPU.Build.0 = Release|Any CPU
	EndGlobalSection
	GlobalSection(SolutionProperties) = preSolution
		HideSolutionNode = FALSE
	EndGlobalSection
	GlobalSection(MonoDevelopProperties) = preSolution
		StartupItem = Assembly-CSharp.csproj
	EndGlobalSection
EndGlobal
