Microsoft Visual Studio Solution File, Format Version 11.00
# Visual Studio 2008

Project("{BA897BB2-3355-45A6-40D5-93DB0FBC7D95}") = "CubesCreate", "Assembly-CSharp.csproj", "{C7BA3F8A-E159-BB88-F2BC-65716794F374}"
EndProject
Global
	GlobalSection(SolutionConfigurationPlatforms) = preSolution
		Debug|Any CPU = Debug|Any CPU
		Release|Any CPU = Release|Any CPU
	EndGlobalSection
	GlobalSection(ProjectConfigurationPlatforms) = postSolution
		{C7BA3F8A-E159-BB88-F2BC-65716794F374}.Debug|Any CPU.ActiveCfg = Debug|Any CPU
		{C7BA3F8A-E159-BB88-F2BC-65716794F374}.Debug|Any CPU.Build.0 = Debug|Any CPU
		{C7BA3F8A-E159-BB88-F2BC-65716794F374}.Release|Any CPU.ActiveCfg = Release|Any CPU
		{C7BA3F8A-E159-BB88-F2BC-65716794F374}.Release|Any CPU.Build.0 = Release|Any CPU
	EndGlobalSection
	GlobalSection(SolutionProperties) = preSolution
		HideSolutionNode = FALSE
	EndGlobalSection
	GlobalSection(MonoDevelopProperties) = preSolution
		StartupItem = Assembly-CSharp.csproj
	EndGlobalSection
EndGlobal
