Microsoft Visual Studio Solution File, Format Version 11.00
# Visual Studio 2008

Project("{572F72C3-1D82-5575-2CF7-4C36B5332A60}") = "2dAnimator", "Assembly-CSharp.csproj", "{81FECFF7-8CD2-7EFC-D4BD-9DEBA5DDA0CA}"
EndProject
Global
	GlobalSection(SolutionConfigurationPlatforms) = preSolution
		Debug|Any CPU = Debug|Any CPU
		Release|Any CPU = Release|Any CPU
	EndGlobalSection
	GlobalSection(ProjectConfigurationPlatforms) = postSolution
		{81FECFF7-8CD2-7EFC-D4BD-9DEBA5DDA0CA}.Debug|Any CPU.ActiveCfg = Debug|Any CPU
		{81FECFF7-8CD2-7EFC-D4BD-9DEBA5DDA0CA}.Debug|Any CPU.Build.0 = Debug|Any CPU
		{81FECFF7-8CD2-7EFC-D4BD-9DEBA5DDA0CA}.Release|Any CPU.ActiveCfg = Release|Any CPU
		{81FECFF7-8CD2-7EFC-D4BD-9DEBA5DDA0CA}.Release|Any CPU.Build.0 = Release|Any CPU
	EndGlobalSection
	GlobalSection(SolutionProperties) = preSolution
		HideSolutionNode = FALSE
	EndGlobalSection
	GlobalSection(MonoDevelopProperties) = preSolution
		StartupItem = Assembly-CSharp.csproj
	EndGlobalSection
EndGlobal
