Microsoft Visual Studio Solution File, Format Version 11.00
# Visual Studio 2008

Project("{097BA40F-1B1C-D60B-780B-9A64A62B6CED}") = "assignment3", "Assembly-CSharp.csproj", "{A9EB10B8-9A22-EE7A-A806-FE7B4F2418B8}"
EndProject
Global
	GlobalSection(SolutionConfigurationPlatforms) = preSolution
		Debug|Any CPU = Debug|Any CPU
		Release|Any CPU = Release|Any CPU
	EndGlobalSection
	GlobalSection(ProjectConfigurationPlatforms) = postSolution
		{A9EB10B8-9A22-EE7A-A806-FE7B4F2418B8}.Debug|Any CPU.ActiveCfg = Debug|Any CPU
		{A9EB10B8-9A22-EE7A-A806-FE7B4F2418B8}.Debug|Any CPU.Build.0 = Debug|Any CPU
		{A9EB10B8-9A22-EE7A-A806-FE7B4F2418B8}.Release|Any CPU.ActiveCfg = Release|Any CPU
		{A9EB10B8-9A22-EE7A-A806-FE7B4F2418B8}.Release|Any CPU.Build.0 = Release|Any CPU
	EndGlobalSection
	GlobalSection(SolutionProperties) = preSolution
		HideSolutionNode = FALSE
	EndGlobalSection
	GlobalSection(MonoDevelopProperties) = preSolution
		StartupItem = Assembly-CSharp.csproj
	EndGlobalSection
EndGlobal
