Microsoft Visual Studio Solution File, Format Version 11.00
# Visual Studio 2008

Project("{998DB284-485E-C6C2-27F8-DC34086128E1}") = "Toto", "Assembly-CSharp.csproj", "{01CE556D-0E29-C940-1A43-F4F35546A07B}"
EndProject
Global
	GlobalSection(SolutionConfigurationPlatforms) = preSolution
		Debug|Any CPU = Debug|Any CPU
		Release|Any CPU = Release|Any CPU
	EndGlobalSection
	GlobalSection(ProjectConfigurationPlatforms) = postSolution
		{01CE556D-0E29-C940-1A43-F4F35546A07B}.Debug|Any CPU.ActiveCfg = Debug|Any CPU
		{01CE556D-0E29-C940-1A43-F4F35546A07B}.Debug|Any CPU.Build.0 = Debug|Any CPU
		{01CE556D-0E29-C940-1A43-F4F35546A07B}.Release|Any CPU.ActiveCfg = Release|Any CPU
		{01CE556D-0E29-C940-1A43-F4F35546A07B}.Release|Any CPU.Build.0 = Release|Any CPU
	EndGlobalSection
	GlobalSection(SolutionProperties) = preSolution
		HideSolutionNode = FALSE
	EndGlobalSection
	GlobalSection(MonoDevelopProperties) = preSolution
		StartupItem = Assembly-CSharp.csproj
	EndGlobalSection
EndGlobal
