Microsoft Visual Studio Solution File, Format Version 11.00
# Visual Studio 2008

Project("{043E4844-2376-3CEE-C344-E06CBB3F1026}") = "Pong3", "Assembly-CSharp.csproj", "{A497298A-E18B-0762-7EFC-C0617B368378}"
EndProject
Global
	GlobalSection(SolutionConfigurationPlatforms) = preSolution
		Debug|Any CPU = Debug|Any CPU
		Release|Any CPU = Release|Any CPU
	EndGlobalSection
	GlobalSection(ProjectConfigurationPlatforms) = postSolution
		{A497298A-E18B-0762-7EFC-C0617B368378}.Debug|Any CPU.ActiveCfg = Debug|Any CPU
		{A497298A-E18B-0762-7EFC-C0617B368378}.Debug|Any CPU.Build.0 = Debug|Any CPU
		{A497298A-E18B-0762-7EFC-C0617B368378}.Release|Any CPU.ActiveCfg = Release|Any CPU
		{A497298A-E18B-0762-7EFC-C0617B368378}.Release|Any CPU.Build.0 = Release|Any CPU
	EndGlobalSection
	GlobalSection(SolutionProperties) = preSolution
		HideSolutionNode = FALSE
	EndGlobalSection
	GlobalSection(MonoDevelopProperties) = preSolution
		StartupItem = Assembly-CSharp.csproj
	EndGlobalSection
EndGlobal
